// !$*UTF8*$!
{
	archiveVersion = 1;
	classes = {
	};
	objectVersion = 50;
	objects = {

/* Begin PBXBuildFile section */
		9306A12C24E2FAAE0009BFB8 /* Data.swift in Sources */ = {isa = PBXBuildFile; fileRef = 9306A12B24E2FAAE0009BFB8 /* Data.swift */; };
		9306A12E24E2FAFD0009BFB8 /* Landmark.swift in Sources */ = {isa = PBXBuildFile; fileRef = 9306A12D24E2FAFD0009BFB8 /* Landmark.swift */; };
		9306A13D24E2FD120009BFB8 /* icybay.jpg in Resources */ = {isa = PBXBuildFile; fileRef = 9306A13024E2FD110009BFB8 /* icybay.jpg */; };
		9306A13E24E2FD120009BFB8 /* umbagog.jpg in Resources */ = {isa = PBXBuildFile; fileRef = 9306A13124E2FD110009BFB8 /* umbagog.jpg */; };
		9306A13F24E2FD120009BFB8 /* landmarkData.json in Resources */ = {isa = PBXBuildFile; fileRef = 9306A13224E2FD110009BFB8 /* landmarkData.json */; };
		9306A14024E2FD120009BFB8 /* yukon_charleyrivers.jpg in Resources */ = {isa = PBXBuildFile; fileRef = 9306A13324E2FD110009BFB8 /* yukon_charleyrivers.jpg */; };
		9306A14124E2FD120009BFB8 /* chincoteague.jpg in Resources */ = {isa = PBXBuildFile; fileRef = 9306A13424E2FD110009BFB8 /* chincoteague.jpg */; };
		9306A14224E2FD120009BFB8 /* twinlake.jpg in Resources */ = {isa = PBXBuildFile; fileRef = 9306A13524E2FD110009BFB8 /* twinlake.jpg */; };
		9306A14324E2FD120009BFB8 /* chilkoottrail.jpg in Resources */ = {isa = PBXBuildFile; fileRef = 9306A13624E2FD110009BFB8 /* chilkoottrail.jpg */; };
		9306A14424E2FD120009BFB8 /* lakemcdonald.jpg in Resources */ = {isa = PBXBuildFile; fileRef = 9306A13724E2FD110009BFB8 /* lakemcdonald.jpg */; };
		9306A14524E2FD120009BFB8 /* turtlerock.jpg in Resources */ = {isa = PBXBuildFile; fileRef = 9306A13824E2FD110009BFB8 /* turtlerock.jpg */; };
		9306A14624E2FD120009BFB8 /* silversalmoncreek.jpg in Resources */ = {isa = PBXBuildFile; fileRef = 9306A13924E2FD120009BFB8 /* silversalmoncreek.jpg */; };
		9306A14724E2FD120009BFB8 /* hiddenlake.jpg in Resources */ = {isa = PBXBuildFile; fileRef = 9306A13A24E2FD120009BFB8 /* hiddenlake.jpg */; };
		9306A14824E2FD120009BFB8 /* rainbowlake.jpg in Resources */ = {isa = PBXBuildFile; fileRef = 9306A13B24E2FD120009BFB8 /* rainbowlake.jpg */; };
		9306A14924E2FD120009BFB8 /* stmarylake.jpg in Resources */ = {isa = PBXBuildFile; fileRef = 9306A13C24E2FD120009BFB8 /* stmarylake.jpg */; };
		9392537B24D7DCE500ACE22C /* AppDelegate.swift in Sources */ = {isa = PBXBuildFile; fileRef = 9392537A24D7DCE500ACE22C /* AppDelegate.swift */; };
		9392537D24D7DCE500ACE22C /* SceneDelegate.swift in Sources */ = {isa = PBXBuildFile; fileRef = 9392537C24D7DCE500ACE22C /* SceneDelegate.swift */; };
		9392537F24D7DCE500ACE22C /* LandmarkDetail.swift in Sources */ = {isa = PBXBuildFile; fileRef = 9392537E24D7DCE500ACE22C /* LandmarkDetail.swift */; };
		9392538124D7DCE600ACE22C /* Assets.xcassets in Resources */ = {isa = PBXBuildFile; fileRef = 9392538024D7DCE600ACE22C /* Assets.xcassets */; };
		9392538424D7DCE600ACE22C /* Preview Assets.xcassets in Resources */ = {isa = PBXBuildFile; fileRef = 9392538324D7DCE600ACE22C /* Preview Assets.xcassets */; };
		9392538724D7DCE600ACE22C /* LaunchScreen.storyboard in Resources */ = {isa = PBXBuildFile; fileRef = 9392538524D7DCE600ACE22C /* LaunchScreen.storyboard */; };
		9392539224D7DCE700ACE22C /* LandmarksTests.swift in Sources */ = {isa = PBXBuildFile; fileRef = 9392539124D7DCE700ACE22C /* LandmarksTests.swift */; };
		9392539F24D7E16E00ACE22C /* CircleImage.swift in Sources */ = {isa = PBXBuildFile; fileRef = 9392539E24D7E16E00ACE22C /* CircleImage.swift */; };
		939253A324D7EAB400ACE22C /* MapView.swift in Sources */ = {isa = PBXBuildFile; fileRef = 939253A224D7EAB400ACE22C /* MapView.swift */; };
		93DDEB5E24E42C4600A8E6DA /* LandmarkRow.swift in Sources */ = {isa = PBXBuildFile; fileRef = 93DDEB5D24E42C4600A8E6DA /* LandmarkRow.swift */; };
/* End PBXBuildFile section */

/* Begin PBXContainerItemProxy section */
		9392538E24D7DCE700ACE22C /* PBXContainerItemProxy */ = {
			isa = PBXContainerItemProxy;
			containerPortal = 9392536F24D7DCE500ACE22C /* Project object */;
			proxyType = 1;
			remoteGlobalIDString = 9392537624D7DCE500ACE22C;
			remoteInfo = Landmarks;
		};
/* End PBXContainerItemProxy section */

/* Begin PBXFileReference section */
		9306A12324E2F9290009BFB8 /* README.md */ = {isa = PBXFileReference; lastKnownFileType = net.daringfireball.markdown; path = README.md; sourceTree = "<group>"; };
		9306A12B24E2FAAE0009BFB8 /* Data.swift */ = {isa = PBXFileReference; lastKnownFileType = sourcecode.swift; path = Data.swift; sourceTree = "<group>"; };
		9306A12D24E2FAFD0009BFB8 /* Landmark.swift */ = {isa = PBXFileReference; lastKnownFileType = sourcecode.swift; path = Landmark.swift; sourceTree = "<group>"; };
		9306A13024E2FD110009BFB8 /* icybay.jpg */ = {isa = PBXFileReference; lastKnownFileType = image.jpeg; path = icybay.jpg; sourceTree = "<group>"; };
		9306A13124E2FD110009BFB8 /* umbagog.jpg */ = {isa = PBXFileReference; lastKnownFileType = image.jpeg; path = umbagog.jpg; sourceTree = "<group>"; };
		9306A13224E2FD110009BFB8 /* landmarkData.json */ = {isa = PBXFileReference; fileEncoding = 4; lastKnownFileType = text.json; path = landmarkData.json; sourceTree = "<group>"; };
		9306A13324E2FD110009BFB8 /* yukon_charleyrivers.jpg */ = {isa = PBXFileReference; lastKnownFileType = image.jpeg; path = yukon_charleyrivers.jpg; sourceTree = "<group>"; };
		9306A13424E2FD110009BFB8 /* chincoteague.jpg */ = {isa = PBXFileReference; lastKnownFileType = image.jpeg; path = chincoteague.jpg; sourceTree = "<group>"; };
		9306A13524E2FD110009BFB8 /* twinlake.jpg */ = {isa = PBXFileReference; lastKnownFileType = image.jpeg; path = twinlake.jpg; sourceTree = "<group>"; };
		9306A13624E2FD110009BFB8 /* chilkoottrail.jpg */ = {isa = PBXFileReference; lastKnownFileType = image.jpeg; path = chilkoottrail.jpg; sourceTree = "<group>"; };
		9306A13724E2FD110009BFB8 /* lakemcdonald.jpg */ = {isa = PBXFileReference; lastKnownFileType = image.jpeg; path = lakemcdonald.jpg; sourceTree = "<group>"; };
		9306A13824E2FD110009BFB8 /* turtlerock.jpg */ = {isa = PBXFileReference; lastKnownFileType = image.jpeg; path = turtlerock.jpg; sourceTree = "<group>"; };
		9306A13924E2FD120009BFB8 /* silversalmoncreek.jpg */ = {isa = PBXFileReference; lastKnownFileType = image.jpeg; path = silversalmoncreek.jpg; sourceTree = "<group>"; };
		9306A13A24E2FD120009BFB8 /* hiddenlake.jpg */ = {isa = PBXFileReference; lastKnownFileType = image.jpeg; path = hiddenlake.jpg; sourceTree = "<group>"; };
		9306A13B24E2FD120009BFB8 /* rainbowlake.jpg */ = {isa = PBXFileReference; lastKnownFileType = image.jpeg; path = rainbowlake.jpg; sourceTree = "<group>"; };
		9306A13C24E2FD120009BFB8 /* stmarylake.jpg */ = {isa = PBXFileReference; lastKnownFileType = image.jpeg; path = stmarylake.jpg; sourceTree = "<group>"; };
		9392537724D7DCE500ACE22C /* Landmarks.app */ = {isa = PBXFileReference; explicitFileType = wrapper.application; includeInIndex = 0; path = Landmarks.app; sourceTree = BUILT_PRODUCTS_DIR; };
		9392537A24D7DCE500ACE22C /* AppDelegate.swift */ = {isa = PBXFileReference; lastKnownFileType = sourcecode.swift; path = AppDelegate.swift; sourceTree = "<group>"; };
		9392537C24D7DCE500ACE22C /* SceneDelegate.swift */ = {isa = PBXFileReference; lastKnownFileType = sourcecode.swift; path = SceneDelegate.swift; sourceTree = "<group>"; };
		9392537E24D7DCE500ACE22C /* LandmarkDetail.swift */ = {isa = PBXFileReference; lastKnownFileType = sourcecode.swift; path = LandmarkDetail.swift; sourceTree = "<group>"; };
		9392538024D7DCE600ACE22C /* Assets.xcassets */ = {isa = PBXFileReference; lastKnownFileType = folder.assetcatalog; path = Assets.xcassets; sourceTree = "<group>"; };
		9392538324D7DCE600ACE22C /* Preview Assets.xcassets */ = {isa = PBXFileReference; lastKnownFileType = folder.assetcatalog; path = "Preview Assets.xcassets"; sourceTree = "<group>"; };
		9392538624D7DCE600ACE22C /* Base */ = {isa = PBXFileReference; lastKnownFileType = file.storyboard; name = Base; path = Base.lproj/LaunchScreen.storyboard; sourceTree = "<group>"; };
		9392538824D7DCE600ACE22C /* Info.plist */ = {isa = PBXFileReference; lastKnownFileType = text.plist.xml; path = Info.plist; sourceTree = "<group>"; };
		9392538D24D7DCE700ACE22C /* LandmarksTests.xctest */ = {isa = PBXFileReference; explicitFileType = wrapper.cfbundle; includeInIndex = 0; path = LandmarksTests.xctest; sourceTree = BUILT_PRODUCTS_DIR; };
		9392539124D7DCE700ACE22C /* LandmarksTests.swift */ = {isa = PBXFileReference; lastKnownFileType = sourcecode.swift; path = LandmarksTests.swift; sourceTree = "<group>"; };
		9392539324D7DCE700ACE22C /* Info.plist */ = {isa = PBXFileReference; lastKnownFileType = text.plist.xml; path = Info.plist; sourceTree = "<group>"; };
		9392539E24D7E16E00ACE22C /* CircleImage.swift */ = {isa = PBXFileReference; lastKnownFileType = sourcecode.swift; path = CircleImage.swift; sourceTree = "<group>"; };
		939253A224D7EAB400ACE22C /* MapView.swift */ = {isa = PBXFileReference; lastKnownFileType = sourcecode.swift; path = MapView.swift; sourceTree = "<group>"; };
		93DDEB5D24E42C4600A8E6DA /* LandmarkRow.swift */ = {isa = PBXFileReference; lastKnownFileType = sourcecode.swift; path = LandmarkRow.swift; sourceTree = "<group>"; };
/* End PBXFileReference section */

/* Begin PBXFrameworksBuildPhase section */
		9392537424D7DCE500ACE22C /* Frameworks */ = {
			isa = PBXFrameworksBuildPhase;
			buildActionMask = 2147483647;
			files = (
			);
			runOnlyForDeploymentPostprocessing = 0;
		};
		9392538A24D7DCE700ACE22C /* Frameworks */ = {
			isa = PBXFrameworksBuildPhase;
			buildActionMask = 2147483647;
			files = (
			);
			runOnlyForDeploymentPostprocessing = 0;
		};
/* End PBXFrameworksBuildPhase section */

/* Begin PBXGroup section */
		9306A12224E2F86B0009BFB8 /* Supporting Views */ = {
			isa = PBXGroup;
			children = (
				9392539E24D7E16E00ACE22C /* CircleImage.swift */,
				939253A224D7EAB400ACE22C /* MapView.swift */,
			);
			path = "Supporting Views";
			sourceTree = "<group>";
		};
		9306A12724E2FA6A0009BFB8 /* Models */ = {
			isa = PBXGroup;
			children = (
				9306A12B24E2FAAE0009BFB8 /* Data.swift */,
				9306A12D24E2FAFD0009BFB8 /* Landmark.swift */,
			);
			path = Models;
			sourceTree = "<group>";
		};
		9306A12F24E2FCFA0009BFB8 /* Resources */ = {
			isa = PBXGroup;
			children = (
				9306A13624E2FD110009BFB8 /* chilkoottrail.jpg */,
				9306A13424E2FD110009BFB8 /* chincoteague.jpg */,
				9306A13A24E2FD120009BFB8 /* hiddenlake.jpg */,
				9306A13024E2FD110009BFB8 /* icybay.jpg */,
				9306A13724E2FD110009BFB8 /* lakemcdonald.jpg */,
				9306A13224E2FD110009BFB8 /* landmarkData.json */,
				9306A13B24E2FD120009BFB8 /* rainbowlake.jpg */,
				9306A13924E2FD120009BFB8 /* silversalmoncreek.jpg */,
				9306A13C24E2FD120009BFB8 /* stmarylake.jpg */,
				9306A13824E2FD110009BFB8 /* turtlerock.jpg */,
				9306A13524E2FD110009BFB8 /* twinlake.jpg */,
				9306A13124E2FD110009BFB8 /* umbagog.jpg */,
				9306A13324E2FD110009BFB8 /* yukon_charleyrivers.jpg */,
			);
			path = Resources;
			sourceTree = "<group>";
		};
		9392536E24D7DCE500ACE22C = {
			isa = PBXGroup;
			children = (
				9306A12324E2F9290009BFB8 /* README.md */,
				9392537924D7DCE500ACE22C /* Landmarks */,
				9392539024D7DCE700ACE22C /* LandmarksTests */,
				9392537824D7DCE500ACE22C /* Products */,
			);
			sourceTree = "<group>";
		};
		9392537824D7DCE500ACE22C /* Products */ = {
			isa = PBXGroup;
			children = (
				9392537724D7DCE500ACE22C /* Landmarks.app */,
				9392538D24D7DCE700ACE22C /* LandmarksTests.xctest */,
			);
			name = Products;
			sourceTree = "<group>";
		};
		9392537924D7DCE500ACE22C /* Landmarks */ = {
			isa = PBXGroup;
			children = (
				9306A12F24E2FCFA0009BFB8 /* Resources */,
				9306A12724E2FA6A0009BFB8 /* Models */,
				93DDEB5C24E42BA700A8E6DA /* Landmark Views */,
				9306A12224E2F86B0009BFB8 /* Supporting Views */,
				9392537A24D7DCE500ACE22C /* AppDelegate.swift */,
				9392537C24D7DCE500ACE22C /* SceneDelegate.swift */,
				9392538024D7DCE600ACE22C /* Assets.xcassets */,
				9392538524D7DCE600ACE22C /* LaunchScreen.storyboard */,
				9392538824D7DCE600ACE22C /* Info.plist */,
				9392538224D7DCE600ACE22C /* Preview Content */,
			);
			path = Landmarks;
			sourceTree = "<group>";
		};
		9392538224D7DCE600ACE22C /* Preview Content */ = {
			isa = PBXGroup;
			children = (
				9392538324D7DCE600ACE22C /* Preview Assets.xcassets */,
			);
			path = "Preview Content";
			sourceTree = "<group>";
		};
		9392539024D7DCE700ACE22C /* LandmarksTests */ = {
			isa = PBXGroup;
			children = (
				9392539124D7DCE700ACE22C /* LandmarksTests.swift */,
				9392539324D7DCE700ACE22C /* Info.plist */,
			);
			path = LandmarksTests;
			sourceTree = "<group>";
		};
		93DDEB5C24E42BA700A8E6DA /* Landmark Views */ = {
			isa = PBXGroup;
			children = (
				9392537E24D7DCE500ACE22C /* LandmarkDetail.swift */,
				93DDEB5D24E42C4600A8E6DA /* LandmarkRow.swift */,
			);
			path = "Landmark Views";
			sourceTree = "<group>";
		};
/* End PBXGroup section */

/* Begin PBXNativeTarget section */
		9392537624D7DCE500ACE22C /* Landmarks */ = {
			isa = PBXNativeTarget;
			buildConfigurationList = 9392539624D7DCE700ACE22C /* Build configuration list for PBXNativeTarget "Landmarks" */;
			buildPhases = (
				9392537324D7DCE500ACE22C /* Sources */,
				9392537424D7DCE500ACE22C /* Frameworks */,
				9392537524D7DCE500ACE22C /* Resources */,
			);
			buildRules = (
			);
			dependencies = (
			);
			name = Landmarks;
			productName = Landmarks;
			productReference = 9392537724D7DCE500ACE22C /* Landmarks.app */;
			productType = "com.apple.product-type.application";
		};
		9392538C24D7DCE700ACE22C /* LandmarksTests */ = {
			isa = PBXNativeTarget;
			buildConfigurationList = 9392539924D7DCE700ACE22C /* Build configuration list for PBXNativeTarget "LandmarksTests" */;
			buildPhases = (
				9392538924D7DCE700ACE22C /* Sources */,
				9392538A24D7DCE700ACE22C /* Frameworks */,
				9392538B24D7DCE700ACE22C /* Resources */,
			);
			buildRules = (
			);
			dependencies = (
				9392538F24D7DCE700ACE22C /* PBXTargetDependency */,
			);
			name = LandmarksTests;
			productName = LandmarksTests;
			productReference = 9392538D24D7DCE700ACE22C /* LandmarksTests.xctest */;
			productType = "com.apple.product-type.bundle.unit-test";
		};
/* End PBXNativeTarget section */

/* Begin PBXProject section */
		9392536F24D7DCE500ACE22C /* Project object */ = {
			isa = PBXProject;
			attributes = {
				LastSwiftUpdateCheck = 1160;
				LastUpgradeCheck = 1160;
				ORGANIZATIONNAME = "Apple Inc.";
				TargetAttributes = {
					9392537624D7DCE500ACE22C = {
						CreatedOnToolsVersion = 11.6;
					};
					9392538C24D7DCE700ACE22C = {
						CreatedOnToolsVersion = 11.6;
						TestTargetID = 9392537624D7DCE500ACE22C;
					};
				};
			};
			buildConfigurationList = 9392537224D7DCE500ACE22C /* Build configuration list for PBXProject "Landmarks" */;
			compatibilityVersion = "Xcode 9.3";
			developmentRegion = en;
			hasScannedForEncodings = 0;
			knownRegions = (
				en,
				Base,
			);
			mainGroup = 9392536E24D7DCE500ACE22C;
			productRefGroup = 9392537824D7DCE500ACE22C /* Products */;
			projectDirPath = "";
			projectRoot = "";
			targets = (
				9392537624D7DCE500ACE22C /* Landmarks */,
				9392538C24D7DCE700ACE22C /* LandmarksTests */,
			);
		};
/* End PBXProject section */

/* Begin PBXResourcesBuildPhase section */
		9392537524D7DCE500ACE22C /* Resources */ = {
			isa = PBXResourcesBuildPhase;
			buildActionMask = 2147483647;
			files = (
				9306A14624E2FD120009BFB8 /* silversalmoncreek.jpg in Resources */,
				9306A14824E2FD120009BFB8 /* rainbowlake.jpg in Resources */,
				9306A14024E2FD120009BFB8 /* yukon_charleyrivers.jpg in Resources */,
				9392538724D7DCE600ACE22C /* LaunchScreen.storyboard in Resources */,
				9392538424D7DCE600ACE22C /* Preview Assets.xcassets in Resources */,
				9306A14324E2FD120009BFB8 /* chilkoottrail.jpg in Resources */,
				9306A13D24E2FD120009BFB8 /* icybay.jpg in Resources */,
				9306A14724E2FD120009BFB8 /* hiddenlake.jpg in Resources */,
				9392538124D7DCE600ACE22C /* Assets.xcassets in Resources */,
				9306A13E24E2FD120009BFB8 /* umbagog.jpg in Resources */,
				9306A14924E2FD120009BFB8 /* stmarylake.jpg in Resources */,
				9306A14424E2FD120009BFB8 /* lakemcdonald.jpg in Resources */,
				9306A14524E2FD120009BFB8 /* turtlerock.jpg in Resources */,
				9306A14224E2FD120009BFB8 /* twinlake.jpg in Resources */,
				9306A14124E2FD120009BFB8 /* chincoteague.jpg in Resources */,
				9306A13F24E2FD120009BFB8 /* landmarkData.json in Resources */,
			);
			runOnlyForDeploymentPostprocessing = 0;
		};
		9392538B24D7DCE700ACE22C /* Resources */ = {
			isa = PBXResourcesBuildPhase;
			buildActionMask = 2147483647;
			files = (
			);
			runOnlyForDeploymentPostprocessing = 0;
		};
/* End PBXResourcesBuildPhase section */

/* Begin PBXSourcesBuildPhase section */
		9392537324D7DCE500ACE22C /* Sources */ = {
			isa = PBXSourcesBuildPhase;
			buildActionMask = 2147483647;
			files = (
				9306A12E24E2FAFD0009BFB8 /* Landmark.swift in Sources */,
				9392537B24D7DCE500ACE22C /* AppDelegate.swift in Sources */,
				9306A12C24E2FAAE0009BFB8 /* Data.swift in Sources */,
				9392539F24D7E16E00ACE22C /* CircleImage.swift in Sources */,
				939253A324D7EAB400ACE22C /* MapView.swift in Sources */,
				9392537D24D7DCE500ACE22C /* SceneDelegate.swift in Sources */,
				93DDEB5E24E42C4600A8E6DA /* LandmarkRow.swift in Sources */,
				9392537F24D7DCE500ACE22C /* LandmarkDetail.swift in Sources */,
			);
			runOnlyForDeploymentPostprocessing = 0;
		};
		9392538924D7DCE700ACE22C /* Sources */ = {
			isa = PBXSourcesBuildPhase;
			buildActionMask = 2147483647;
			files = (
				9392539224D7DCE700ACE22C /* LandmarksTests.swift in Sources */,
			);
			runOnlyForDeploymentPostprocessing = 0;
		};
/* End PBXSourcesBuildPhase section */

/* Begin PBXTargetDependency section */
		9392538F24D7DCE700ACE22C /* PBXTargetDependency */ = {
			isa = PBXTargetDependency;
			target = 9392537624D7DCE500ACE22C /* Landmarks */;
			targetProxy = 9392538E24D7DCE700ACE22C /* PBXContainerItemProxy */;
		};
/* End PBXTargetDependency section */

/* Begin PBXVariantGroup section */
		9392538524D7DCE600ACE22C /* LaunchScreen.storyboard */ = {
			isa = PBXVariantGroup;
			children = (
				9392538624D7DCE600ACE22C /* Base */,
			);
			name = LaunchScreen.storyboard;
			sourceTree = "<group>";
		};
/* End PBXVariantGroup section */

/* Begin XCBuildConfiguration section */
		9392539424D7DCE700ACE22C /* Debug */ = {
			isa = XCBuildConfiguration;
			buildSettings = {
				ALWAYS_SEARCH_USER_PATHS = NO;
				CLANG_ANALYZER_NONNULL = YES;
				CLANG_ANALYZER_NUMBER_OBJECT_CONVERSION = YES_AGGRESSIVE;
				CLANG_CXX_LANGUAGE_STANDARD = "gnu++14";
				CLANG_CXX_LIBRARY = "libc++";
				CLANG_ENABLE_MODULES = YES;
				CLANG_ENABLE_OBJC_ARC = YES;
				CLANG_ENABLE_OBJC_WEAK = YES;
				CLANG_WARN_BLOCK_CAPTURE_AUTORELEASING = YES;
				CLANG_WARN_BOOL_CONVERSION = YES;
				CLANG_WARN_COMMA = YES;
				CLANG_WARN_CONSTANT_CONVERSION = YES;
				CLANG_WARN_DEPRECATED_OBJC_IMPLEMENTATIONS = YES;
				CLANG_WARN_DIRECT_OBJC_ISA_USAGE = YES_ERROR;
				CLANG_WARN_DOCUMENTATION_COMMENTS = YES;
				CLANG_WARN_EMPTY_BODY = YES;
				CLANG_WARN_ENUM_CONVERSION = YES;
				CLANG_WARN_INFINITE_RECURSION = YES;
				CLANG_WARN_INT_CONVERSION = YES;
				CLANG_WARN_NON_LITERAL_NULL_CONVERSION = YES;
				CLANG_WARN_OBJC_IMPLICIT_RETAIN_SELF = YES;
				CLANG_WARN_OBJC_LITERAL_CONVERSION = YES;
				CLANG_WARN_OBJC_ROOT_CLASS = YES_ERROR;
				CLANG_WARN_RANGE_LOOP_ANALYSIS = YES;
				CLANG_WARN_STRICT_PROTOTYPES = YES;
				CLANG_WARN_SUSPICIOUS_MOVE = YES;
				CLANG_WARN_UNGUARDED_AVAILABILITY = YES_AGGRESSIVE;
				CLANG_WARN_UNREACHABLE_CODE = YES;
				CLANG_WARN__DUPLICATE_METHOD_MATCH = YES;
				COPY_PHASE_STRIP = NO;
				DEBUG_INFORMATION_FORMAT = dwarf;
				ENABLE_STRICT_OBJC_MSGSEND = YES;
				ENABLE_TESTABILITY = YES;
				GCC_C_LANGUAGE_STANDARD = gnu11;
				GCC_DYNAMIC_NO_PIC = NO;
				GCC_NO_COMMON_BLOCKS = YES;
				GCC_OPTIMIZATION_LEVEL = 0;
				GCC_PREPROCESSOR_DEFINITIONS = (
					"DEBUG=1",
					"$(inherited)",
				);
				GCC_WARN_64_TO_32_BIT_CONVERSION = YES;
				GCC_WARN_ABOUT_RETURN_TYPE = YES_ERROR;
				GCC_WARN_UNDECLARED_SELECTOR = YES;
				GCC_WARN_UNINITIALIZED_AUTOS = YES_AGGRESSIVE;
				GCC_WARN_UNUSED_FUNCTION = YES;
				GCC_WARN_UNUSED_VARIABLE = YES;
				IPHONEOS_DEPLOYMENT_TARGET = 13.6;
				MTL_ENABLE_DEBUG_INFO = INCLUDE_SOURCE;
				MTL_FAST_MATH = YES;
				ONLY_ACTIVE_ARCH = YES;
				SDKROOT = iphoneos;
				SWIFT_ACTIVE_COMPILATION_CONDITIONS = DEBUG;
				SWIFT_OPTIMIZATION_LEVEL = "-Onone";
			};
			name = Debug;
		};
		9392539524D7DCE700ACE22C /* Release */ = {
			isa = XCBuildConfiguration;
			buildSettings = {
				ALWAYS_SEARCH_USER_PATHS = NO;
				CLANG_ANALYZER_NONNULL = YES;
				CLANG_ANALYZER_NUMBER_OBJECT_CONVERSION = YES_AGGRESSIVE;
				CLANG_CXX_LANGUAGE_STANDARD = "gnu++14";
				CLANG_CXX_LIBRARY = "libc++";
				CLANG_ENABLE_MODULES = YES;
				CLANG_ENABLE_OBJC_ARC = YES;
				CLANG_ENABLE_OBJC_WEAK = YES;
				CLANG_WARN_BLOCK_CAPTURE_AUTORELEASING = YES;
				CLANG_WARN_BOOL_CONVERSION = YES;
				CLANG_WARN_COMMA = YES;
				CLANG_WARN_CONSTANT_CONVERSION = YES;
				CLANG_WARN_DEPRECATED_OBJC_IMPLEMENTATIONS = YES;
				CLANG_WARN_DIRECT_OBJC_ISA_USAGE = YES_ERROR;
				CLANG_WARN_DOCUMENTATION_COMMENTS = YES;
				CLANG_WARN_EMPTY_BODY = YES;
				CLANG_WARN_ENUM_CONVERSION = YES;
				CLANG_WARN_INFINITE_RECURSION = YES;
				CLANG_WARN_INT_CONVERSION = YES;
				CLANG_WARN_NON_LITERAL_NULL_CONVERSION = YES;
				CLANG_WARN_OBJC_IMPLICIT_RETAIN_SELF = YES;
				CLANG_WARN_OBJC_LITERAL_CONVERSION = YES;
				CLANG_WARN_OBJC_ROOT_CLASS = YES_ERROR;
				CLANG_WARN_RANGE_LOOP_ANALYSIS = YES;
				CLANG_WARN_STRICT_PROTOTYPES = YES;
				CLANG_WARN_SUSPICIOUS_MOVE = YES;
				CLANG_WARN_UNGUARDED_AVAILABILITY = YES_AGGRESSIVE;
				CLANG_WARN_UNREACHABLE_CODE = YES;
				CLANG_WARN__DUPLICATE_METHOD_MATCH = YES;
				COPY_PHASE_STRIP = NO;
				DEBUG_INFORMATION_FORMAT = "dwarf-with-dsym";
				ENABLE_NS_ASSERTIONS = NO;
				ENABLE_STRICT_OBJC_MSGSEND = YES;
				GCC_C_LANGUAGE_STANDARD = gnu11;
				GCC_NO_COMMON_BLOCKS = YES;
				GCC_WARN_64_TO_32_BIT_CONVERSION = YES;
				GCC_WARN_ABOUT_RETURN_TYPE = YES_ERROR;
				GCC_WARN_UNDECLARED_SELECTOR = YES;
				GCC_WARN_UNINITIALIZED_AUTOS = YES_AGGRESSIVE;
				GCC_WARN_UNUSED_FUNCTION = YES;
				GCC_WARN_UNUSED_VARIABLE = YES;
				IPHONEOS_DEPLOYMENT_TARGET = 13.6;
				MTL_ENABLE_DEBUG_INFO = NO;
				MTL_FAST_MATH = YES;
				SDKROOT = iphoneos;
				SWIFT_COMPILATION_MODE = wholemodule;
				SWIFT_OPTIMIZATION_LEVEL = "-O";
				VALIDATE_PRODUCT = YES;
			};
			name = Release;
		};
		9392539724D7DCE700ACE22C /* Debug */ = {
			isa = XCBuildConfiguration;
			buildSettings = {
				ASSETCATALOG_COMPILER_APPICON_NAME = AppIcon;
				CODE_SIGN_STYLE = Automatic;
				DEVELOPMENT_ASSET_PATHS = "\"Landmarks/Preview Content\"";
				DEVELOPMENT_TEAM = 4HC8CFH9FX;
				ENABLE_PREVIEWS = YES;
				INFOPLIST_FILE = Landmarks/Info.plist;
				LD_RUNPATH_SEARCH_PATHS = (
					"$(inherited)",
					"@executable_path/Frameworks",
				);
				PRODUCT_BUNDLE_IDENTIFIER = com.samhuang.Landmarks;
				PRODUCT_NAME = "$(TARGET_NAME)";
				SWIFT_VERSION = 5.0;
				TARGETED_DEVICE_FAMILY = "1,2";
			};
			name = Debug;
		};
		9392539824D7DCE700ACE22C /* Release */ = {
			isa = XCBuildConfiguration;
			buildSettings = {
				ASSETCATALOG_COMPILER_APPICON_NAME = AppIcon;
				CODE_SIGN_STYLE = Automatic;
				DEVELOPMENT_ASSET_PATHS = "\"Landmarks/Preview Content\"";
				DEVELOPMENT_TEAM = 4HC8CFH9FX;
				ENABLE_PREVIEWS = YES;
				INFOPLIST_FILE = Landmarks/Info.plist;
				LD_RUNPATH_SEARCH_PATHS = (
					"$(inherited)",
					"@executable_path/Frameworks",
				);
				PRODUCT_BUNDLE_IDENTIFIER = com.samhuang.Landmarks;
				PRODUCT_NAME = "$(TARGET_NAME)";
				SWIFT_VERSION = 5.0;
				TARGETED_DEVICE_FAMILY = "1,2";
			};
			name = Release;
		};
		9392539A24D7DCE700ACE22C /* Debug */ = {
			isa = XCBuildConfiguration;
			buildSettings = {
				ALWAYS_EMBED_SWIFT_STANDARD_LIBRARIES = YES;
				BUNDLE_LOADER = "$(TEST_HOST)";
				CODE_SIGN_STYLE = Automatic;
				DEVELOPMENT_TEAM = 4HC8CFH9FX;
				INFOPLIST_FILE = LandmarksTests/Info.plist;
				IPHONEOS_DEPLOYMENT_TARGET = 13.6;
				LD_RUNPATH_SEARCH_PATHS = (
					"$(inherited)",
					"@executable_path/Frameworks",
					"@loader_path/Frameworks",
				);
				PRODUCT_BUNDLE_IDENTIFIER = com.samhuang.LandmarksTests;
				PRODUCT_NAME = "$(TARGET_NAME)";
				SWIFT_VERSION = 5.0;
				TARGETED_DEVICE_FAMILY = "1,2";
				TEST_HOST = "$(BUILT_PRODUCTS_DIR)/Landmarks.app/Landmarks";
			};
			name = Debug;
		};
		9392539B24D7DCE700ACE22C /* Release */ = {
			isa = XCBuildConfiguration;
			buildSettings = {
				ALWAYS_EMBED_SWIFT_STANDARD_LIBRARIES = YES;
				BUNDLE_LOADER = "$(TEST_HOST)";
				CODE_SIGN_STYLE = Automatic;
				DEVELOPMENT_TEAM = 4HC8CFH9FX;
				INFOPLIST_FILE = LandmarksTests/Info.plist;
				IPHONEOS_DEPLOYMENT_TARGET = 13.6;
				LD_RUNPATH_SEARCH_PATHS = (
					"$(inherited)",
					"@executable_path/Frameworks",
					"@loader_path/Frameworks",
				);
				PRODUCT_BUNDLE_IDENTIFIER = com.samhuang.LandmarksTests;
				PRODUCT_NAME = "$(TARGET_NAME)";
				SWIFT_VERSION = 5.0;
				TARGETED_DEVICE_FAMILY = "1,2";
				TEST_HOST = "$(BUILT_PRODUCTS_DIR)/Landmarks.app/Landmarks";
			};
			name = Release;
		};
/* End XCBuildConfiguration section */

/* Begin XCConfigurationList section */
		9392537224D7DCE500ACE22C /* Build configuration list for PBXProject "Landmarks" */ = {
			isa = XCConfigurationList;
			buildConfigurations = (
				9392539424D7DCE700ACE22C /* Debug */,
				9392539524D7DCE700ACE22C /* Release */,
			);
			defaultConfigurationIsVisible = 0;
			defaultConfigurationName = Release;
		};
		9392539624D7DCE700ACE22C /* Build configuration list for PBXNativeTarget "Landmarks" */ = {
			isa = XCConfigurationList;
			buildConfigurations = (
				9392539724D7DCE700ACE22C /* Debug */,
				9392539824D7DCE700ACE22C /* Release */,
			);
			defaultConfigurationIsVisible = 0;
			defaultConfigurationName = Release;
		};
		9392539924D7DCE700ACE22C /* Build configuration list for PBXNativeTarget "LandmarksTests" */ = {
			isa = XCConfigurationList;
			buildConfigurations = (
				9392539A24D7DCE700ACE22C /* Debug */,
				9392539B24D7DCE700ACE22C /* Release */,
			);
			defaultConfigurationIsVisible = 0;
			defaultConfigurationName = Release;
		};
/* End XCConfigurationList section */
	};
	rootObject = 9392536F24D7DCE500ACE22C /* Project object */;
}
